// !$*UTF8*$!
{
	archiveVersion = 1;
	classes = {
	};
	objectVersion = 56;
	objects = {

/* Begin PBXBuildFile section */
		9B54BA9129D9C4FE00C3746B /* CollectionViewCell.swift in Sources */ = {isa = PBXBuildFile; fileRef = 9B54BA9029D9C4FE00C3746B /* CollectionViewCell.swift */; };
		9B79ACB129D3B9E500D6B1B2 /* AppDelegate.swift in Sources */ = {isa = PBXBuildFile; fileRef = 9B79ACB029D3B9E500D6B1B2 /* AppDelegate.swift */; };
		9B79ACB329D3B9E500D6B1B2 /* SceneDelegate.swift in Sources */ = {isa = PBXBuildFile; fileRef = 9B79ACB229D3B9E500D6B1B2 /* SceneDelegate.swift */; };
		9B79ACB529D3B9E500D6B1B2 /* ImageSliderViewController.swift in Sources */ = {isa = PBXBuildFile; fileRef = 9B79ACB429D3B9E500D6B1B2 /* ImageSliderViewController.swift */; };
		9B79ACBA29D3B9E500D6B1B2 /* Assets.xcassets in Resources */ = {isa = PBXBuildFile; fileRef = 9B79ACB929D3B9E500D6B1B2 /* Assets.xcassets */; };
		9B79ACBD29D3B9E500D6B1B2 /* LaunchScreen.storyboard in Resources */ = {isa = PBXBuildFile; fileRef = 9B79ACBB29D3B9E500D6B1B2 /* LaunchScreen.storyboard */; };
		9B79ACC529D3BAC600D6B1B2 /* ImageSliderView.swift in Sources */ = {isa = PBXBuildFile; fileRef = 9B79ACC429D3BAC600D6B1B2 /* ImageSliderView.swift */; };
		9B79ACC729D3D60400D6B1B2 /* MyScrollViewController.swift in Sources */ = {isa = PBXBuildFile; fileRef = 9B79ACC629D3D60400D6B1B2 /* MyScrollViewController.swift */; };
		9B79ACCA29D3FC4400D6B1B2 /* SelectUISampleViewController.swift in Sources */ = {isa = PBXBuildFile; fileRef = 9B79ACC829D3FC4400D6B1B2 /* SelectUISampleViewController.swift */; };
		9B79ACD029D4054E00D6B1B2 /* ImageSliderCollectionViewController.swift in Sources */ = {isa = PBXBuildFile; fileRef = 9B79ACCF29D4054E00D6B1B2 /* ImageSliderCollectionViewController.swift */; };
		9BDEEA5029E401A500F6189A /* CapturePreventViewController.swift in Sources */ = {isa = PBXBuildFile; fileRef = 9BDEEA4F29E401A500F6189A /* CapturePreventViewController.swift */; };
		9BDEEA5229E4039900F6189A /* SecureImageView .swift in Sources */ = {isa = PBXBuildFile; fileRef = 9BDEEA5129E4039900F6189A /* SecureImageView .swift */; };
/* End PBXBuildFile section */

/* Begin PBXFileReference section */
		9B54BA9029D9C4FE00C3746B /* CollectionViewCell.swift */ = {isa = PBXFileReference; lastKnownFileType = sourcecode.swift; path = CollectionViewCell.swift; sourceTree = "<group>"; };
		9B79ACAD29D3B9E500D6B1B2 /* ImageSliderSample_Code.app */ = {isa = PBXFileReference; explicitFileType = wrapper.application; includeInIndex = 0; path = ImageSliderSample_Code.app; sourceTree = BUILT_PRODUCTS_DIR; };
		9B79ACB029D3B9E500D6B1B2 /* AppDelegate.swift */ = {isa = PBXFileReference; lastKnownFileType = sourcecode.swift; path = AppDelegate.swift; sourceTree = "<group>"; };
		9B79ACB229D3B9E500D6B1B2 /* SceneDelegate.swift */ = {isa = PBXFileReference; lastKnownFileType = sourcecode.swift; path = SceneDelegate.swift; sourceTree = "<group>"; };
		9B79ACB429D3B9E500D6B1B2 /* ImageSliderViewController.swift */ = {isa = PBXFileReference; lastKnownFileType = sourcecode.swift; path = ImageSliderViewController.swift; sourceTree = "<group>"; };
		9B79ACB929D3B9E500D6B1B2 /* Assets.xcassets */ = {isa = PBXFileReference; lastKnownFileType = folder.assetcatalog; path = Assets.xcassets; sourceTree = "<group>"; };
		9B79ACBC29D3B9E500D6B1B2 /* Base */ = {isa = PBXFileReference; lastKnownFileType = file.storyboard; name = Base; path = Base.lproj/LaunchScreen.storyboard; sourceTree = "<group>"; };
		9B79ACBE29D3B9E500D6B1B2 /* Info.plist */ = {isa = PBXFileReference; lastKnownFileType = text.plist.xml; path = Info.plist; sourceTree = "<group>"; };
		9B79ACC429D3BAC600D6B1B2 /* ImageSliderView.swift */ = {isa = PBXFileReference; lastKnownFileType = sourcecode.swift; path = ImageSliderView.swift; sourceTree = "<group>"; };
		9B79ACC629D3D60400D6B1B2 /* MyScrollViewController.swift */ = {isa = PBXFileReference; lastKnownFileType = sourcecode.swift; path = MyScrollViewController.swift; sourceTree = "<group>"; };
		9B79ACC829D3FC4400D6B1B2 /* SelectUISampleViewController.swift */ = {isa = PBXFileReference; lastKnownFileType = sourcecode.swift; path = SelectUISampleViewController.swift; sourceTree = "<group>"; };
		9B79ACCF29D4054E00D6B1B2 /* ImageSliderCollectionViewController.swift */ = {isa = PBXFileReference; lastKnownFileType = sourcecode.swift; path = ImageSliderCollectionViewController.swift; sourceTree = "<group>"; };
		9BDEEA4F29E401A500F6189A /* CapturePreventViewController.swift */ = {isa = PBXFileReference; lastKnownFileType = sourcecode.swift; path = CapturePreventViewController.swift; sourceTree = "<group>"; };
		9BDEEA5129E4039900F6189A /* SecureImageView .swift */ = {isa = PBXFileReference; lastKnownFileType = sourcecode.swift; path = "SecureImageView .swift"; sourceTree = "<group>"; };
/* End PBXFileReference section */

/* Begin PBXFrameworksBuildPhase section */
		9B79ACAA29D3B9E500D6B1B2 /* Frameworks */ = {
			isa = PBXFrameworksBuildPhase;
			buildActionMask = 2147483647;
			files = (
			);
			runOnlyForDeploymentPostprocessing = 0;
		};
/* End PBXFrameworksBuildPhase section */

/* Begin PBXGroup section */
		9B79ACA429D3B9E500D6B1B2 = {
			isa = PBXGroup;
			children = (
				9B79ACAF29D3B9E500D6B1B2 /* ImageSliderSample_Code */,
				9B79ACAE29D3B9E500D6B1B2 /* Products */,
			);
			sourceTree = "<group>";
		};
		9B79ACAE29D3B9E500D6B1B2 /* Products */ = {
			isa = PBXGroup;
			children = (
				9B79ACAD29D3B9E500D6B1B2 /* ImageSliderSample_Code.app */,
			);
			name = Products;
			sourceTree = "<group>";
		};
		9B79ACAF29D3B9E500D6B1B2 /* ImageSliderSample_Code */ = {
			isa = PBXGroup;
			children = (
				9B79ACB029D3B9E500D6B1B2 /* AppDelegate.swift */,
				9B79ACB229D3B9E500D6B1B2 /* SceneDelegate.swift */,
				9B79ACC829D3FC4400D6B1B2 /* SelectUISampleViewController.swift */,
				9BDEEA4E29E4018200F6189A /* 캡쳐방지뷰 */,
				9B79ACCE29D4053500D6B1B2 /* ImageSliderCollectionView */,
				9B79ACCD29D4052000D6B1B2 /* VerticalScrollView */,
				9B79ACCC29D4050400D6B1B2 /* imageSliderScroll */,
				9B79ACB929D3B9E500D6B1B2 /* Assets.xcassets */,
				9B79ACBB29D3B9E500D6B1B2 /* LaunchScreen.storyboard */,
				9B79ACBE29D3B9E500D6B1B2 /* Info.plist */,
			);
			path = ImageSliderSample_Code;
			sourceTree = "<group>";
		};
		9B79ACCC29D4050400D6B1B2 /* imageSliderScroll */ = {
			isa = PBXGroup;
			children = (
				9B79ACB429D3B9E500D6B1B2 /* ImageSliderViewController.swift */,
				9B79ACC429D3BAC600D6B1B2 /* ImageSliderView.swift */,
			);
			path = imageSliderScroll;
			sourceTree = "<group>";
		};
		9B79ACCD29D4052000D6B1B2 /* VerticalScrollView */ = {
			isa = PBXGroup;
			children = (
				9B79ACC629D3D60400D6B1B2 /* MyScrollViewController.swift */,
			);
			path = VerticalScrollView;
			sourceTree = "<group>";
		};
		9B79ACCE29D4053500D6B1B2 /* ImageSliderCollectionView */ = {
			isa = PBXGroup;
			children = (
				9B79ACCF29D4054E00D6B1B2 /* ImageSliderCollectionViewController.swift */,
				9B54BA9029D9C4FE00C3746B /* CollectionViewCell.swift */,
			);
			path = ImageSliderCollectionView;
			sourceTree = "<group>";
		};
		9BDEEA4E29E4018200F6189A /* 캡쳐방지뷰 */ = {
			isa = PBXGroup;
			children = (
				9BDEEA4F29E401A500F6189A /* CapturePreventViewController.swift */,
				9BDEEA5129E4039900F6189A /* SecureImageView .swift */,
			);
			name = "캡쳐방지뷰";
			path = "캡쳐방지뷰";
			sourceTree = "<group>";
		};
/* End PBXGroup section */

/* Begin PBXNativeTarget section */
		9B79ACAC29D3B9E500D6B1B2 /* ImageSliderSample_Code */ = {
			isa = PBXNativeTarget;
			buildConfigurationList = 9B79ACC129D3B9E500D6B1B2 /* Build configuration list for PBXNativeTarget "ImageSliderSample_Code" */;
			buildPhases = (
				9B79ACA929D3B9E500D6B1B2 /* Sources */,
				9B79ACAA29D3B9E500D6B1B2 /* Frameworks */,
				9B79ACAB29D3B9E500D6B1B2 /* Resources */,
			);
			buildRules = (
			);
			dependencies = (
			);
			name = ImageSliderSample_Code;
			productName = ImageSliderSample_Code;
			productReference = 9B79ACAD29D3B9E500D6B1B2 /* ImageSliderSample_Code.app */;
			productType = "com.apple.product-type.application";
		};
/* End PBXNativeTarget section */

/* Begin PBXProject section */
		9B79ACA529D3B9E500D6B1B2 /* Project object */ = {
			isa = PBXProject;
			attributes = {
				BuildIndependentTargetsInParallel = 1;
				LastSwiftUpdateCheck = 1420;
				LastUpgradeCheck = 1420;
				TargetAttributes = {
					9B79ACAC29D3B9E500D6B1B2 = {
						CreatedOnToolsVersion = 14.2;
					};
				};
			};
			buildConfigurationList = 9B79ACA829D3B9E500D6B1B2 /* Build configuration list for PBXProject "ImageSliderSample_Code" */;
			compatibilityVersion = "Xcode 14.0";
			developmentRegion = en;
			hasScannedForEncodings = 0;
			knownRegions = (
				en,
				Base,
			);
			mainGroup = 9B79ACA429D3B9E500D6B1B2;
			productRefGroup = 9B79ACAE29D3B9E500D6B1B2 /* Products */;
			projectDirPath = "";
			projectRoot = "";
			targets = (
				9B79ACAC29D3B9E500D6B1B2 /* ImageSliderSample_Code */,
			);
		};
/* End PBXProject section */

/* Begin PBXResourcesBuildPhase section */
		9B79ACAB29D3B9E500D6B1B2 /* Resources */ = {
			isa = PBXResourcesBuildPhase;
			buildActionMask = 2147483647;
			files = (
				9B79ACBD29D3B9E500D6B1B2 /* LaunchScreen.storyboard in Resources */,
				9B79ACBA29D3B9E500D6B1B2 /* Assets.xcassets in Resources */,
			);
			runOnlyForDeploymentPostprocessing = 0;
		};
/* End PBXResourcesBuildPhase section */

/* Begin PBXSourcesBuildPhase section */
		9B79ACA929D3B9E500D6B1B2 /* Sources */ = {
			isa = PBXSourcesBuildPhase;
			buildActionMask = 2147483647;
			files = (
				9B79ACCA29D3FC4400D6B1B2 /* SelectUISampleViewController.swift in Sources */,
				9B79ACB529D3B9E500D6B1B2 /* ImageSliderViewController.swift in Sources */,
				9B54BA9129D9C4FE00C3746B /* CollectionViewCell.swift in Sources */,
				9BDEEA5029E401A500F6189A /* CapturePreventViewController.swift in Sources */,
				9BDEEA5229E4039900F6189A /* SecureImageView .swift in Sources */,
				9B79ACC529D3BAC600D6B1B2 /* ImageSliderView.swift in Sources */,
				9B79ACB129D3B9E500D6B1B2 /* AppDelegate.swift in Sources */,
				9B79ACC729D3D60400D6B1B2 /* MyScrollViewController.swift in Sources */,
				9B79ACD029D4054E00D6B1B2 /* ImageSliderCollectionViewController.swift in Sources */,
				9B79ACB329D3B9E500D6B1B2 /* SceneDelegate.swift in Sources */,
			);
			runOnlyForDeploymentPostprocessing = 0;
		};
/* End PBXSourcesBuildPhase section */

/* Begin PBXVariantGroup section */
		9B79ACBB29D3B9E500D6B1B2 /* LaunchScreen.storyboard */ = {
			isa = PBXVariantGroup;
			children = (
				9B79ACBC29D3B9E500D6B1B2 /* Base */,
			);
			name = LaunchScreen.storyboard;
			sourceTree = "<group>";
		};
/* End PBXVariantGroup section */

/* Begin XCBuildConfiguration section */
		9B79ACBF29D3B9E500D6B1B2 /* Debug */ = {
			isa = XCBuildConfiguration;
			buildSettings = {
				ALWAYS_SEARCH_USER_PATHS = NO;
				CLANG_ANALYZER_NONNULL = YES;
				CLANG_ANALYZER_NUMBER_OBJECT_CONVERSION = YES_AGGRESSIVE;
				CLANG_CXX_LANGUAGE_STANDARD = "gnu++20";
				CLANG_ENABLE_MODULES = YES;
				CLANG_ENABLE_OBJC_ARC = YES;
				CLANG_ENABLE_OBJC_WEAK = YES;
				CLANG_WARN_BLOCK_CAPTURE_AUTORELEASING = YES;
				CLANG_WARN_BOOL_CONVERSION = YES;
				CLANG_WARN_COMMA = YES;
				CLANG_WARN_CONSTANT_CONVERSION = YES;
				CLANG_WARN_DEPRECATED_OBJC_IMPLEMENTATIONS = YES;
				CLANG_WARN_DIRECT_OBJC_ISA_USAGE = YES_ERROR;
				CLANG_WARN_DOCUMENTATION_COMMENTS = YES;
				CLANG_WARN_EMPTY_BODY = YES;
				CLANG_WARN_ENUM_CONVERSION = YES;
				CLANG_WARN_INFINITE_RECURSION = YES;
				CLANG_WARN_INT_CONVERSION = YES;
				CLANG_WARN_NON_LITERAL_NULL_CONVERSION = YES;
				CLANG_WARN_OBJC_IMPLICIT_RETAIN_SELF = YES;
				CLANG_WARN_OBJC_LITERAL_CONVERSION = YES;
				CLANG_WARN_OBJC_ROOT_CLASS = YES_ERROR;
				CLANG_WARN_QUOTED_INCLUDE_IN_FRAMEWORK_HEADER = YES;
				CLANG_WARN_RANGE_LOOP_ANALYSIS = YES;
				CLANG_WARN_STRICT_PROTOTYPES = YES;
				CLANG_WARN_SUSPICIOUS_MOVE = YES;
				CLANG_WARN_UNGUARDED_AVAILABILITY = YES_AGGRESSIVE;
				CLANG_WARN_UNREACHABLE_CODE = YES;
				CLANG_WARN__DUPLICATE_METHOD_MATCH = YES;
				COPY_PHASE_STRIP = NO;
				DEBUG_INFORMATION_FORMAT = dwarf;
				ENABLE_STRICT_OBJC_MSGSEND = YES;
				ENABLE_TESTABILITY = YES;
				GCC_C_LANGUAGE_STANDARD = gnu11;
				GCC_DYNAMIC_NO_PIC = NO;
				GCC_NO_COMMON_BLOCKS = YES;
				GCC_OPTIMIZATION_LEVEL = 0;
				GCC_PREPROCESSOR_DEFINITIONS = (
					"DEBUG=1",
					"$(inherited)",
				);
				GCC_WARN_64_TO_32_BIT_CONVERSION = YES;
				GCC_WARN_ABOUT_RETURN_TYPE = YES_ERROR;
				GCC_WARN_UNDECLARED_SELECTOR = YES;
				GCC_WARN_UNINITIALIZED_AUTOS = YES_AGGRESSIVE;
				GCC_WARN_UNUSED_FUNCTION = YES;
				GCC_WARN_UNUSED_VARIABLE = YES;
				IPHONEOS_DEPLOYMENT_TARGET = 16.2;
				MTL_ENABLE_DEBUG_INFO = INCLUDE_SOURCE;
				MTL_FAST_MATH = YES;
				ONLY_ACTIVE_ARCH = YES;
				SDKROOT = iphoneos;
				SWIFT_ACTIVE_COMPILATION_CONDITIONS = DEBUG;
				SWIFT_OPTIMIZATION_LEVEL = "-Onone";
			};
			name = Debug;
		};
		9B79ACC029D3B9E500D6B1B2 /* Release */ = {
			isa = XCBuildConfiguration;
			buildSettings = {
				ALWAYS_SEARCH_USER_PATHS = NO;
				CLANG_ANALYZER_NONNULL = YES;
				CLANG_ANALYZER_NUMBER_OBJECT_CONVERSION = YES_AGGRESSIVE;
				CLANG_CXX_LANGUAGE_STANDARD = "gnu++20";
				CLANG_ENABLE_MODULES = YES;
				CLANG_ENABLE_OBJC_ARC = YES;
				CLANG_ENABLE_OBJC_WEAK = YES;
				CLANG_WARN_BLOCK_CAPTURE_AUTORELEASING = YES;
				CLANG_WARN_BOOL_CONVERSION = YES;
				CLANG_WARN_COMMA = YES;
				CLANG_WARN_CONSTANT_CONVERSION = YES;
				CLANG_WARN_DEPRECATED_OBJC_IMPLEMENTATIONS = YES;
				CLANG_WARN_DIRECT_OBJC_ISA_USAGE = YES_ERROR;
				CLANG_WARN_DOCUMENTATION_COMMENTS = YES;
				CLANG_WARN_EMPTY_BODY = YES;
				CLANG_WARN_ENUM_CONVERSION = YES;
				CLANG_WARN_INFINITE_RECURSION = YES;
				CLANG_WARN_INT_CONVERSION = YES;
				CLANG_WARN_NON_LITERAL_NULL_CONVERSION = YES;
				CLANG_WARN_OBJC_IMPLICIT_RETAIN_SELF = YES;
				CLANG_WARN_OBJC_LITERAL_CONVERSION = YES;
				CLANG_WARN_OBJC_ROOT_CLASS = YES_ERROR;
				CLANG_WARN_QUOTED_INCLUDE_IN_FRAMEWORK_HEADER = YES;
				CLANG_WARN_RANGE_LOOP_ANALYSIS = YES;
				CLANG_WARN_STRICT_PROTOTYPES = YES;
				CLANG_WARN_SUSPICIOUS_MOVE = YES;
				CLANG_WARN_UNGUARDED_AVAILABILITY = YES_AGGRESSIVE;
				CLANG_WARN_UNREACHABLE_CODE = YES;
				CLANG_WARN__DUPLICATE_METHOD_MATCH = YES;
				COPY_PHASE_STRIP = NO;
				DEBUG_INFORMATION_FORMAT = "dwarf-with-dsym";
				ENABLE_NS_ASSERTIONS = NO;
				ENABLE_STRICT_OBJC_MSGSEND = YES;
				GCC_C_LANGUAGE_STANDARD = gnu11;
				GCC_NO_COMMON_BLOCKS = YES;
				GCC_WARN_64_TO_32_BIT_CONVERSION = YES;
				GCC_WARN_ABOUT_RETURN_TYPE = YES_ERROR;
				GCC_WARN_UNDECLARED_SELECTOR = YES;
				GCC_WARN_UNINITIALIZED_AUTOS = YES_AGGRESSIVE;
				GCC_WARN_UNUSED_FUNCTION = YES;
				GCC_WARN_UNUSED_VARIABLE = YES;
				IPHONEOS_DEPLOYMENT_TARGET = 16.2;
				MTL_ENABLE_DEBUG_INFO = NO;
				MTL_FAST_MATH = YES;
				SDKROOT = iphoneos;
				SWIFT_COMPILATION_MODE = wholemodule;
				SWIFT_OPTIMIZATION_LEVEL = "-O";
				VALIDATE_PRODUCT = YES;
			};
			name = Release;
		};
		9B79ACC229D3B9E500D6B1B2 /* Debug */ = {
			isa = XCBuildConfiguration;
			buildSettings = {
				ASSETCATALOG_COMPILER_APPICON_NAME = AppIcon;
				ASSETCATALOG_COMPILER_GLOBAL_ACCENT_COLOR_NAME = AccentColor;
				CODE_SIGN_STYLE = Automatic;
				CURRENT_PROJECT_VERSION = 1;
				DEVELOPMENT_TEAM = 24Z3VMGR2U;
				GENERATE_INFOPLIST_FILE = YES;
				INFOPLIST_FILE = ImageSliderSample_Code/Info.plist;
				INFOPLIST_KEY_UIApplicationSupportsIndirectInputEvents = YES;
				INFOPLIST_KEY_UILaunchStoryboardName = LaunchScreen;
				INFOPLIST_KEY_UIMainStoryboardFile = "";
				INFOPLIST_KEY_UISupportedInterfaceOrientations_iPad = "UIInterfaceOrientationPortrait UIInterfaceOrientationPortraitUpsideDown UIInterfaceOrientationLandscapeLeft UIInterfaceOrientationLandscapeRight";
				INFOPLIST_KEY_UISupportedInterfaceOrientations_iPhone = "UIInterfaceOrientationPortrait UIInterfaceOrientationLandscapeLeft UIInterfaceOrientationLandscapeRight";
				LD_RUNPATH_SEARCH_PATHS = (
					"$(inherited)",
					"@executable_path/Frameworks",
				);
				MARKETING_VERSION = 1.0;
				PRODUCT_BUNDLE_IDENTIFIER = "yangjs.ImageSliderSample-Code";
				PRODUCT_NAME = "$(TARGET_NAME)";
				SWIFT_EMIT_LOC_STRINGS = YES;
				SWIFT_VERSION = 5.0;
				TARGETED_DEVICE_FAMILY = "1,2";
			};
			name = Debug;
		};
		9B79ACC329D3B9E500D6B1B2 /* Release */ = {
			isa = XCBuildConfiguration;
			buildSettings = {
				ASSETCATALOG_COMPILER_APPICON_NAME = AppIcon;
				ASSETCATALOG_COMPILER_GLOBAL_ACCENT_COLOR_NAME = AccentColor;
				CODE_SIGN_STYLE = Automatic;
				CURRENT_PROJECT_VERSION = 1;
				DEVELOPMENT_TEAM = 24Z3VMGR2U;
				GENERATE_INFOPLIST_FILE = YES;
				INFOPLIST_FILE = ImageSliderSample_Code/Info.plist;
				INFOPLIST_KEY_UIApplicationSupportsIndirectInputEvents = YES;
				INFOPLIST_KEY_UILaunchStoryboardName = LaunchScreen;
				INFOPLIST_KEY_UIMainStoryboardFile = "";
				INFOPLIST_KEY_UISupportedInterfaceOrientations_iPad = "UIInterfaceOrientationPortrait UIInterfaceOrientationPortraitUpsideDown UIInterfaceOrientationLandscapeLeft UIInterfaceOrientationLandscapeRight";
				INFOPLIST_KEY_UISupportedInterfaceOrientations_iPhone = "UIInterfaceOrientationPortrait UIInterfaceOrientationLandscapeLeft UIInterfaceOrientationLandscapeRight";
				LD_RUNPATH_SEARCH_PATHS = (
					"$(inherited)",
					"@executable_path/Frameworks",
				);
				MARKETING_VERSION = 1.0;
				PRODUCT_BUNDLE_IDENTIFIER = "yangjs.ImageSliderSample-Code";
				PRODUCT_NAME = "$(TARGET_NAME)";
				SWIFT_EMIT_LOC_STRINGS = YES;
				SWIFT_VERSION = 5.0;
				TARGETED_DEVICE_FAMILY = "1,2";
			};
			name = Release;
		};
/* End XCBuildConfiguration section */

/* Begin XCConfigurationList section */
		9B79ACA829D3B9E500D6B1B2 /* Build configuration list for PBXProject "ImageSliderSample_Code" */ = {
			isa = XCConfigurationList;
			buildConfigurations = (
				9B79ACBF29D3B9E500D6B1B2 /* Debug */,
				9B79ACC029D3B9E500D6B1B2 /* Release */,
			);
			defaultConfigurationIsVisible = 0;
			defaultConfigurationName = Release;
		};
		9B79ACC129D3B9E500D6B1B2 /* Build configuration list for PBXNativeTarget "ImageSliderSample_Code" */ = {
			isa = XCConfigurationList;
			buildConfigurations = (
				9B79ACC229D3B9E500D6B1B2 /* Debug */,
				9B79ACC329D3B9E500D6B1B2 /* Release */,
			);
			defaultConfigurationIsVisible = 0;
			defaultConfigurationName = Release;
		};
/* End XCConfigurationList section */
	};
	rootObject = 9B79ACA529D3B9E500D6B1B2 /* Project object */;
}
